
Microsoft Visual Studio Solution File, Format Version 12.00
# Visual Studio Version 17
VisualStudioVersion = 17.3.32922.545
MinimumVisualStudioVersion = 10.0.40219.1
Project("{FAE04EC0-301F-11D3-BF4B-00C04F79EFBC}") = "Lab12", "Lab12.csproj", "{029AFC45-D47D-40AA-A77E-1E12A8AEFE03}"
EndProject
Global
	GlobalSection(SolutionConfigurationPlatforms) = preSolution
		Debug|Any CPU = Debug|Any CPU
		Release|Any CPU = Release|Any CPU
	EndGlobalSection
	GlobalSection(ProjectConfigurationPlatforms) = postSolution
		{029AFC45-D47D-40AA-A77E-1E12A8AEFE03}.Debug|Any CPU.ActiveCfg = Debug|Any CPU
		{029AFC45-D47D-40AA-A77E-1E12A8AEFE03}.Debug|Any CPU.Build.0 = Debug|Any CPU
		{029AFC45-D47D-40AA-A77E-1E12A8AEFE03}.Release|Any CPU.ActiveCfg = Release|Any CPU
		{029AFC45-D47D-40AA-A77E-1E12A8AEFE03}.Release|Any CPU.Build.0 = Release|Any CPU
	EndGlobalSection
	GlobalSection(SolutionProperties) = preSolution
		HideSolutionNode = FALSE
	EndGlobalSection
	GlobalSection(ExtensibilityGlobals) = postSolution
		SolutionGuid = {44EB8F4D-5DBD-4F92-9C00-F842AB60BD1C}
	EndGlobalSection
EndGlobal
